
Microsoft Visual Studio Solution File, Format Version 12.00
# Visual Studio Version 17
VisualStudioVersion = 17.2.32630.192
MinimumVisualStudioVersion = 10.0.40219.1
Project("{FAE04EC0-301F-11D3-BF4B-00C04F79EFBC}") = "AADAuthentication-FunctionApp", "AADAuthentication-FunctionApp.csproj", "{3B4624E3-CC61-43C4-9512-3224E15B5DD6}"
EndProject
Global
	GlobalSection(SolutionConfigurationPlatforms) = preSolution
		Debug|Any CPU = Debug|Any CPU
		Release|Any CPU = Release|Any CPU
	EndGlobalSection
	GlobalSection(ProjectConfigurationPlatforms) = postSolution
		{3B4624E3-CC61-43C4-9512-3224E15B5DD6}.Debug|Any CPU.ActiveCfg = Debug|Any CPU
		{3B4624E3-CC61-43C4-9512-3224E15B5DD6}.Debug|Any CPU.Build.0 = Debug|Any CPU
		{3B4624E3-CC61-43C4-9512-3224E15B5DD6}.Release|Any CPU.ActiveCfg = Release|Any CPU
		{3B4624E3-CC61-43C4-9512-3224E15B5DD6}.Release|Any CPU.Build.0 = Release|Any CPU
	EndGlobalSection
	GlobalSection(SolutionProperties) = preSolution
		HideSolutionNode = FALSE
	EndGlobalSection
	GlobalSection(ExtensibilityGlobals) = postSolution
		SolutionGuid = {E382A7BA-B4DA-4A3E-AADB-BC534B1A4214}
	EndGlobalSection
EndGlobal
